// !$*UTF8*$!
{
	archiveVersion = 1;
	classes = {
	};
	objectVersion = 46;
	objects = {

/* Begin PBXBuildFile section */
		8326F24C1E72325C00EF0343 /* KiteKit.framework in Frameworks */ = {isa = PBXBuildFile; fileRef = 8326F24B1E72325C00EF0343 /* KiteKit.framework */; };
		8326F24D1E72325C00EF0343 /* KiteKit.framework in Embed Frameworks */ = {isa = PBXBuildFile; fileRef = 8326F24B1E72325C00EF0343 /* KiteKit.framework */; settings = {ATTRIBUTES = (CodeSignOnCopy, RemoveHeadersOnCopy, ); }; };
		8326F2501E72331B00EF0343 /* PlayerVC.swift in Sources */ = {isa = PBXBuildFile; fileRef = 8326F24F1E72331B00EF0343 /* PlayerVC.swift */; };
		835084911E729E3800B7A350 /* KiteRunner.swift in Sources */ = {isa = PBXBuildFile; fileRef = 835084901E729E3800B7A350 /* KiteRunner.swift */; };
		83CF812C1E7200A300372687 /* AppDelegate.swift in Sources */ = {isa = PBXBuildFile; fileRef = 83CF812B1E7200A300372687 /* AppDelegate.swift */; };
		83CF81311E7200A300372687 /* Main.storyboard in Resources */ = {isa = PBXBuildFile; fileRef = 83CF812F1E7200A300372687 /* Main.storyboard */; };
		83CF81331E7200A300372687 /* Assets.xcassets in Resources */ = {isa = PBXBuildFile; fileRef = 83CF81321E7200A300372687 /* Assets.xcassets */; };
		83CF81361E7200A300372687 /* LaunchScreen.storyboard in Resources */ = {isa = PBXBuildFile; fileRef = 83CF81341E7200A300372687 /* LaunchScreen.storyboard */; };
		83F9AA271E721F30002F3BD5 /* KiteListVC.swift in Sources */ = {isa = PBXBuildFile; fileRef = 83F9AA261E721F30002F3BD5 /* KiteListVC.swift */; };
		83F9AA291E7221F3002F3BD5 /* UIColor-ext.swift in Sources */ = {isa = PBXBuildFile; fileRef = 83F9AA281E7221F3002F3BD5 /* UIColor-ext.swift */; };
		ACF74CD3C3BB859F983B4559 /* Pods_KiteFlyer.framework in Frameworks */ = {isa = PBXBuildFile; fileRef = C08555593D6D432DF0578BCA /* Pods_KiteFlyer.framework */; };
/* End PBXBuildFile section */

/* Begin PBXCopyFilesBuildPhase section */
		8326F24E1E72325C00EF0343 /* Embed Frameworks */ = {
			isa = PBXCopyFilesBuildPhase;
			buildActionMask = 2147483647;
			dstPath = "";
			dstSubfolderSpec = 10;
			files = (
				8326F24D1E72325C00EF0343 /* KiteKit.framework in Embed Frameworks */,
			);
			name = "Embed Frameworks";
			runOnlyForDeploymentPostprocessing = 0;
		};
/* End PBXCopyFilesBuildPhase section */

/* Begin PBXFileReference section */
		8326F24B1E72325C00EF0343 /* KiteKit.framework */ = {isa = PBXFileReference; lastKnownFileType = wrapper.framework; path = KiteKit.framework; sourceTree = "<group>"; };
		8326F24F1E72331B00EF0343 /* PlayerVC.swift */ = {isa = PBXFileReference; fileEncoding = 4; lastKnownFileType = sourcecode.swift; path = PlayerVC.swift; sourceTree = "<group>"; };
		835084901E729E3800B7A350 /* KiteRunner.swift */ = {isa = PBXFileReference; fileEncoding = 4; lastKnownFileType = sourcecode.swift; path = KiteRunner.swift; sourceTree = "<group>"; };
		83CF81281E7200A300372687 /* KiteFlyer.app */ = {isa = PBXFileReference; explicitFileType = wrapper.application; includeInIndex = 0; path = KiteFlyer.app; sourceTree = BUILT_PRODUCTS_DIR; };
		83CF812B1E7200A300372687 /* AppDelegate.swift */ = {isa = PBXFileReference; lastKnownFileType = sourcecode.swift; path = AppDelegate.swift; sourceTree = "<group>"; };
		83CF81301E7200A300372687 /* Base */ = {isa = PBXFileReference; lastKnownFileType = file.storyboard; name = Base; path = Base.lproj/Main.storyboard; sourceTree = "<group>"; };
		83CF81321E7200A300372687 /* Assets.xcassets */ = {isa = PBXFileReference; lastKnownFileType = folder.assetcatalog; path = Assets.xcassets; sourceTree = "<group>"; };
		83CF81351E7200A300372687 /* Base */ = {isa = PBXFileReference; lastKnownFileType = file.storyboard; name = Base; path = Base.lproj/LaunchScreen.storyboard; sourceTree = "<group>"; };
		83CF81371E7200A300372687 /* Info.plist */ = {isa = PBXFileReference; lastKnownFileType = text.plist.xml; path = Info.plist; sourceTree = "<group>"; };
		83F9AA261E721F30002F3BD5 /* KiteListVC.swift */ = {isa = PBXFileReference; fileEncoding = 4; lastKnownFileType = sourcecode.swift; path = KiteListVC.swift; sourceTree = "<group>"; };
		83F9AA281E7221F3002F3BD5 /* UIColor-ext.swift */ = {isa = PBXFileReference; fileEncoding = 4; lastKnownFileType = sourcecode.swift; path = "UIColor-ext.swift"; sourceTree = "<group>"; };
		9C6C0873FEDBA660D3BA0DDE /* Pods-KiteFlyer.release.xcconfig */ = {isa = PBXFileReference; includeInIndex = 1; lastKnownFileType = text.xcconfig; name = "Pods-KiteFlyer.release.xcconfig"; path = "Pods/Target Support Files/Pods-KiteFlyer/Pods-KiteFlyer.release.xcconfig"; sourceTree = "<group>"; };
		C08555593D6D432DF0578BCA /* Pods_KiteFlyer.framework */ = {isa = PBXFileReference; explicitFileType = wrapper.framework; includeInIndex = 0; path = Pods_KiteFlyer.framework; sourceTree = BUILT_PRODUCTS_DIR; };
		EE093C490D613F442DB5DAE3 /* Pods-KiteFlyer.debug.xcconfig */ = {isa = PBXFileReference; includeInIndex = 1; lastKnownFileType = text.xcconfig; name = "Pods-KiteFlyer.debug.xcconfig"; path = "Pods/Target Support Files/Pods-KiteFlyer/Pods-KiteFlyer.debug.xcconfig"; sourceTree = "<group>"; };
/* End PBXFileReference section */

/* Begin PBXFrameworksBuildPhase section */
		83CF81251E7200A300372687 /* Frameworks */ = {
			isa = PBXFrameworksBuildPhase;
			buildActionMask = 2147483647;
			files = (
				8326F24C1E72325C00EF0343 /* KiteKit.framework in Frameworks */,
				ACF74CD3C3BB859F983B4559 /* Pods_KiteFlyer.framework in Frameworks */,
			);
			runOnlyForDeploymentPostprocessing = 0;
		};
/* End PBXFrameworksBuildPhase section */

/* Begin PBXGroup section */
		55543C70CD6510BDEE930F20 /* Frameworks */ = {
			isa = PBXGroup;
			children = (
				C08555593D6D432DF0578BCA /* Pods_KiteFlyer.framework */,
			);
			name = Frameworks;
			sourceTree = "<group>";
		};
		83CF811F1E7200A300372687 = {
			isa = PBXGroup;
			children = (
				8326F24B1E72325C00EF0343 /* KiteKit.framework */,
				83CF812A1E7200A300372687 /* KiteFlyer */,
				83CF81291E7200A300372687 /* Products */,
				A68D2B48357E9B3750B0658C /* Pods */,
				55543C70CD6510BDEE930F20 /* Frameworks */,
			);
			sourceTree = "<group>";
		};
		83CF81291E7200A300372687 /* Products */ = {
			isa = PBXGroup;
			children = (
				83CF81281E7200A300372687 /* KiteFlyer.app */,
			);
			name = Products;
			sourceTree = "<group>";
		};
		83CF812A1E7200A300372687 /* KiteFlyer */ = {
			isa = PBXGroup;
			children = (
				83CF812B1E7200A300372687 /* AppDelegate.swift */,
				83CF812F1E7200A300372687 /* Main.storyboard */,
				8326F24F1E72331B00EF0343 /* PlayerVC.swift */,
				835084901E729E3800B7A350 /* KiteRunner.swift */,
				83F9AA261E721F30002F3BD5 /* KiteListVC.swift */,
				83F9AA281E7221F3002F3BD5 /* UIColor-ext.swift */,
				83CF81321E7200A300372687 /* Assets.xcassets */,
				83CF81341E7200A300372687 /* LaunchScreen.storyboard */,
				83CF81371E7200A300372687 /* Info.plist */,
			);
			path = KiteFlyer;
			sourceTree = "<group>";
		};
		A68D2B48357E9B3750B0658C /* Pods */ = {
			isa = PBXGroup;
			children = (
				EE093C490D613F442DB5DAE3 /* Pods-KiteFlyer.debug.xcconfig */,
				9C6C0873FEDBA660D3BA0DDE /* Pods-KiteFlyer.release.xcconfig */,
			);
			name = Pods;
			sourceTree = "<group>";
		};
/* End PBXGroup section */

/* Begin PBXNativeTarget section */
		83CF81271E7200A300372687 /* KiteFlyer */ = {
			isa = PBXNativeTarget;
			buildConfigurationList = 83CF813A1E7200A300372687 /* Build configuration list for PBXNativeTarget "KiteFlyer" */;
			buildPhases = (
				1DB3EC7A26C4719088D81BAF /* [CP] Check Pods Manifest.lock */,
				83CF81241E7200A300372687 /* Sources */,
				83CF81251E7200A300372687 /* Frameworks */,
				83CF81261E7200A300372687 /* Resources */,
				8326F24E1E72325C00EF0343 /* Embed Frameworks */,
				336F6C8F22D481E31BB4E7F0 /* [CP] Embed Pods Frameworks */,
				AA0B4F6090A00041731704DF /* [CP] Copy Pods Resources */,
			);
			buildRules = (
			);
			dependencies = (
			);
			name = KiteFlyer;
			productName = KiteFlyer;
			productReference = 83CF81281E7200A300372687 /* KiteFlyer.app */;
			productType = "com.apple.product-type.application";
		};
/* End PBXNativeTarget section */

/* Begin PBXProject section */
		83CF81201E7200A300372687 /* Project object */ = {
			isa = PBXProject;
			attributes = {
				LastSwiftUpdateCheck = 0820;
				LastUpgradeCheck = 0820;
				ORGANIZATIONNAME = "Chris Slowik";
				TargetAttributes = {
					83CF81271E7200A300372687 = {
						CreatedOnToolsVersion = 8.2.1;
						DevelopmentTeam = 8U4R9Q4J3X;
						ProvisioningStyle = Automatic;
					};
				};
			};
			buildConfigurationList = 83CF81231E7200A300372687 /* Build configuration list for PBXProject "KiteFlyer" */;
			compatibilityVersion = "Xcode 3.2";
			developmentRegion = English;
			hasScannedForEncodings = 0;
			knownRegions = (
				en,
				Base,
			);
			mainGroup = 83CF811F1E7200A300372687;
			productRefGroup = 83CF81291E7200A300372687 /* Products */;
			projectDirPath = "";
			projectRoot = "";
			targets = (
				83CF81271E7200A300372687 /* KiteFlyer */,
			);
		};
/* End PBXProject section */

/* Begin PBXResourcesBuildPhase section */
		83CF81261E7200A300372687 /* Resources */ = {
			isa = PBXResourcesBuildPhase;
			buildActionMask = 2147483647;
			files = (
				83CF81361E7200A300372687 /* LaunchScreen.storyboard in Resources */,
				83CF81331E7200A300372687 /* Assets.xcassets in Resources */,
				83CF81311E7200A300372687 /* Main.storyboard in Resources */,
			);
			runOnlyForDeploymentPostprocessing = 0;
		};
/* End PBXResourcesBuildPhase section */

/* Begin PBXShellScriptBuildPhase section */
		1DB3EC7A26C4719088D81BAF /* [CP] Check Pods Manifest.lock */ = {
			isa = PBXShellScriptBuildPhase;
			buildActionMask = 2147483647;
			files = (
			);
			inputPaths = (
			);
			name = "[CP] Check Pods Manifest.lock";
			outputPaths = (
			);
			runOnlyForDeploymentPostprocessing = 0;
			shellPath = /bin/sh;
			shellScript = "diff \"${PODS_ROOT}/../Podfile.lock\" \"${PODS_ROOT}/Manifest.lock\" > /dev/null\nif [ $? != 0 ] ; then\n    # print error to STDERR\n    echo \"error: The sandbox is not in sync with the Podfile.lock. Run 'pod install' or update your CocoaPods installation.\" >&2\n    exit 1\nfi\n";
			showEnvVarsInLog = 0;
		};
		336F6C8F22D481E31BB4E7F0 /* [CP] Embed Pods Frameworks */ = {
			isa = PBXShellScriptBuildPhase;
			buildActionMask = 2147483647;
			files = (
			);
			inputPaths = (
			);
			name = "[CP] Embed Pods Frameworks";
			outputPaths = (
			);
			runOnlyForDeploymentPostprocessing = 0;
			shellPath = /bin/sh;
			shellScript = "\"${SRCROOT}/Pods/Target Support Files/Pods-KiteFlyer/Pods-KiteFlyer-frameworks.sh\"\n";
			showEnvVarsInLog = 0;
		};
		AA0B4F6090A00041731704DF /* [CP] Copy Pods Resources */ = {
			isa = PBXShellScriptBuildPhase;
			buildActionMask = 2147483647;
			files = (
			);
			inputPaths = (
			);
			name = "[CP] Copy Pods Resources";
			outputPaths = (
			);
			runOnlyForDeploymentPostprocessing = 0;
			shellPath = /bin/sh;
			shellScript = "\"${SRCROOT}/Pods/Target Support Files/Pods-KiteFlyer/Pods-KiteFlyer-resources.sh\"\n";
			showEnvVarsInLog = 0;
		};
/* End PBXShellScriptBuildPhase section */

/* Begin PBXSourcesBuildPhase section */
		83CF81241E7200A300372687 /* Sources */ = {
			isa = PBXSourcesBuildPhase;
			buildActionMask = 2147483647;
			files = (
				83CF812C1E7200A300372687 /* AppDelegate.swift in Sources */,
				83F9AA291E7221F3002F3BD5 /* UIColor-ext.swift in Sources */,
				835084911E729E3800B7A350 /* KiteRunner.swift in Sources */,
				83F9AA271E721F30002F3BD5 /* KiteListVC.swift in Sources */,
				8326F2501E72331B00EF0343 /* PlayerVC.swift in Sources */,
			);
			runOnlyForDeploymentPostprocessing = 0;
		};
/* End PBXSourcesBuildPhase section */

/* Begin PBXVariantGroup section */
		83CF812F1E7200A300372687 /* Main.storyboard */ = {
			isa = PBXVariantGroup;
			children = (
				83CF81301E7200A300372687 /* Base */,
			);
			name = Main.storyboard;
			sourceTree = "<group>";
		};
		83CF81341E7200A300372687 /* LaunchScreen.storyboard */ = {
			isa = PBXVariantGroup;
			children = (
				83CF81351E7200A300372687 /* Base */,
			);
			name = LaunchScreen.storyboard;
			sourceTree = "<group>";
		};
/* End PBXVariantGroup section */

/* Begin XCBuildConfiguration section */
		83CF81381E7200A300372687 /* Debug */ = {
			isa = XCBuildConfiguration;
			buildSettings = {
				ALWAYS_SEARCH_USER_PATHS = NO;
				CLANG_ANALYZER_NONNULL = YES;
				CLANG_CXX_LANGUAGE_STANDARD = "gnu++0x";
				CLANG_CXX_LIBRARY = "libc++";
				CLANG_ENABLE_MODULES = YES;
				CLANG_ENABLE_OBJC_ARC = YES;
				CLANG_WARN_BOOL_CONVERSION = YES;
				CLANG_WARN_CONSTANT_CONVERSION = YES;
				CLANG_WARN_DIRECT_OBJC_ISA_USAGE = YES_ERROR;
				CLANG_WARN_DOCUMENTATION_COMMENTS = YES;
				CLANG_WARN_EMPTY_BODY = YES;
				CLANG_WARN_ENUM_CONVERSION = YES;
				CLANG_WARN_INFINITE_RECURSION = YES;
				CLANG_WARN_INT_CONVERSION = YES;
				CLANG_WARN_OBJC_ROOT_CLASS = YES_ERROR;
				CLANG_WARN_SUSPICIOUS_MOVE = YES;
				CLANG_WARN_UNREACHABLE_CODE = YES;
				CLANG_WARN__DUPLICATE_METHOD_MATCH = YES;
				"CODE_SIGN_IDENTITY[sdk=iphoneos*]" = "iPhone Developer";
				COPY_PHASE_STRIP = NO;
				DEBUG_INFORMATION_FORMAT = dwarf;
				ENABLE_STRICT_OBJC_MSGSEND = YES;
				ENABLE_TESTABILITY = YES;
				GCC_C_LANGUAGE_STANDARD = gnu99;
				GCC_DYNAMIC_NO_PIC = NO;
				GCC_NO_COMMON_BLOCKS = YES;
				GCC_OPTIMIZATION_LEVEL = 0;
				GCC_PREPROCESSOR_DEFINITIONS = (
					"DEBUG=1",
					"$(inherited)",
				);
				GCC_WARN_64_TO_32_BIT_CONVERSION = YES;
				GCC_WARN_ABOUT_RETURN_TYPE = YES_ERROR;
				GCC_WARN_UNDECLARED_SELECTOR = YES;
				GCC_WARN_UNINITIALIZED_AUTOS = YES_AGGRESSIVE;
				GCC_WARN_UNUSED_FUNCTION = YES;
				GCC_WARN_UNUSED_VARIABLE = YES;
				IPHONEOS_DEPLOYMENT_TARGET = 10.2;
				MTL_ENABLE_DEBUG_INFO = YES;
				ONLY_ACTIVE_ARCH = YES;
				SDKROOT = iphoneos;
				SWIFT_ACTIVE_COMPILATION_CONDITIONS = DEBUG;
				SWIFT_OPTIMIZATION_LEVEL = "-Onone";
			};
			name = Debug;
		};
		83CF81391E7200A300372687 /* Release */ = {
			isa = XCBuildConfiguration;
			buildSettings = {
				ALWAYS_SEARCH_USER_PATHS = NO;
				CLANG_ANALYZER_NONNULL = YES;
				CLANG_CXX_LANGUAGE_STANDARD = "gnu++0x";
				CLANG_CXX_LIBRARY = "libc++";
				CLANG_ENABLE_MODULES = YES;
				CLANG_ENABLE_OBJC_ARC = YES;
				CLANG_WARN_BOOL_CONVERSION = YES;
				CLANG_WARN_CONSTANT_CONVERSION = YES;
				CLANG_WARN_DIRECT_OBJC_ISA_USAGE = YES_ERROR;
				CLANG_WARN_DOCUMENTATION_COMMENTS = YES;
				CLANG_WARN_EMPTY_BODY = YES;
				CLANG_WARN_ENUM_CONVERSION = YES;
				CLANG_WARN_INFINITE_RECURSION = YES;
				CLANG_WARN_INT_CONVERSION = YES;
				CLANG_WARN_OBJC_ROOT_CLASS = YES_ERROR;
				CLANG_WARN_SUSPICIOUS_MOVE = YES;
				CLANG_WARN_UNREACHABLE_CODE = YES;
				CLANG_WARN__DUPLICATE_METHOD_MATCH = YES;
				"CODE_SIGN_IDENTITY[sdk=iphoneos*]" = "iPhone Developer";
				COPY_PHASE_STRIP = NO;
				DEBUG_INFORMATION_FORMAT = "dwarf-with-dsym";
				ENABLE_NS_ASSERTIONS = NO;
				ENABLE_STRICT_OBJC_MSGSEND = YES;
				GCC_C_LANGUAGE_STANDARD = gnu99;
				GCC_NO_COMMON_BLOCKS = YES;
				GCC_WARN_64_TO_32_BIT_CONVERSION = YES;
				GCC_WARN_ABOUT_RETURN_TYPE = YES_ERROR;
				GCC_WARN_UNDECLARED_SELECTOR = YES;
				GCC_WARN_UNINITIALIZED_AUTOS = YES_AGGRESSIVE;
				GCC_WARN_UNUSED_FUNCTION = YES;
				GCC_WARN_UNUSED_VARIABLE = YES;
				IPHONEOS_DEPLOYMENT_TARGET = 10.2;
				MTL_ENABLE_DEBUG_INFO = NO;
				SDKROOT = iphoneos;
				SWIFT_OPTIMIZATION_LEVEL = "-Owholemodule";
				VALIDATE_PRODUCT = YES;
			};
			name = Release;
		};
		83CF813B1E7200A300372687 /* Debug */ = {
			isa = XCBuildConfiguration;
			baseConfigurationReference = EE093C490D613F442DB5DAE3 /* Pods-KiteFlyer.debug.xcconfig */;
			buildSettings = {
				ASSETCATALOG_COMPILER_APPICON_NAME = AppIcon;
				DEVELOPMENT_TEAM = 8U4R9Q4J3X;
				FRAMEWORK_SEARCH_PATHS = (
					"$(inherited)",
					"$(PROJECT_DIR)",
				);
				INFOPLIST_FILE = KiteFlyer/Info.plist;
				LD_RUNPATH_SEARCH_PATHS = "$(inherited) @executable_path/Frameworks";
				PRODUCT_BUNDLE_IDENTIFIER = com.slowik.KiteFlyer;
				PRODUCT_NAME = "$(TARGET_NAME)";
				SWIFT_VERSION = 3.0;
			};
			name = Debug;
		};
		83CF813C1E7200A300372687 /* Release */ = {
			isa = XCBuildConfiguration;
			baseConfigurationReference = 9C6C0873FEDBA660D3BA0DDE /* Pods-KiteFlyer.release.xcconfig */;
			buildSettings = {
				ASSETCATALOG_COMPILER_APPICON_NAME = AppIcon;
				DEVELOPMENT_TEAM = 8U4R9Q4J3X;
				FRAMEWORK_SEARCH_PATHS = (
					"$(inherited)",
					"$(PROJECT_DIR)",
				);
				INFOPLIST_FILE = KiteFlyer/Info.plist;
				LD_RUNPATH_SEARCH_PATHS = "$(inherited) @executable_path/Frameworks";
				PRODUCT_BUNDLE_IDENTIFIER = com.slowik.KiteFlyer;
				PRODUCT_NAME = "$(TARGET_NAME)";
				SWIFT_VERSION = 3.0;
			};
			name = Release;
		};
/* End XCBuildConfiguration section */

/* Begin XCConfigurationList section */
		83CF81231E7200A300372687 /* Build configuration list for PBXProject "KiteFlyer" */ = {
			isa = XCConfigurationList;
			buildConfigurations = (
				83CF81381E7200A300372687 /* Debug */,
				83CF81391E7200A300372687 /* Release */,
			);
			defaultConfigurationIsVisible = 0;
			defaultConfigurationName = Release;
		};
		83CF813A1E7200A300372687 /* Build configuration list for PBXNativeTarget "KiteFlyer" */ = {
			isa = XCConfigurationList;
			buildConfigurations = (
				83CF813B1E7200A300372687 /* Debug */,
				83CF813C1E7200A300372687 /* Release */,
			);
			defaultConfigurationIsVisible = 0;
			defaultConfigurationName = Release;
		};
/* End XCConfigurationList section */
	};
	rootObject = 83CF81201E7200A300372687 /* Project object */;
}
